
Microsoft Visual Studio Solution File, Format Version 11.00
# Visual Studio 2010
Project("{FAE04EC0-301F-11D3-BF4B-00C04F79EFBC}") = "RollerBall-Kinect", "Assembly-CSharp-firstpass.csproj", "{3AD1EBE0-8A61-4CC2-8A5C-18E0DA1434B8}"
EndProject
Project("{FAE04EC0-301F-11D3-BF4B-00C04F79EFBC}") = "RollerBall-Kinect", "Assembly-CSharp.csproj", "{067F8EEC-3317-2B1E-B3F7-629CA1B8F4A0}"
EndProject
Project("{FAE04EC0-301F-11D3-BF4B-00C04F79EFBC}") = "RollerBall-Kinect", "Assembly-CSharp-Editor-firstpass.csproj", "{56D39D85-9D22-5842-0B89-39433AAAD014}"
EndProject
Project("{FAE04EC0-301F-11D3-BF4B-00C04F79EFBC}") = "RollerBall-Kinect", "Assembly-CSharp-Editor.csproj", "{EBAA5C20-0009-6CB3-64C1-AFABE75658B4}"
EndProject
Global
	GlobalSection(SolutionConfigurationPlatforms) = preSolution
		Debug|Any CPU = Debug|Any CPU
		Release|Any CPU = Release|Any CPU
	EndGlobalSection
	GlobalSection(ProjectConfigurationPlatforms) = postSolution
		{3AD1EBE0-8A61-4CC2-8A5C-18E0DA1434B8}.Debug|Any CPU.ActiveCfg = Debug|Any CPU
		{3AD1EBE0-8A61-4CC2-8A5C-18E0DA1434B8}.Debug|Any CPU.Build.0 = Debug|Any CPU
		{3AD1EBE0-8A61-4CC2-8A5C-18E0DA1434B8}.Release|Any CPU.ActiveCfg = Release|Any CPU
		{3AD1EBE0-8A61-4CC2-8A5C-18E0DA1434B8}.Release|Any CPU.Build.0 = Release|Any CPU
		{067F8EEC-3317-2B1E-B3F7-629CA1B8F4A0}.Debug|Any CPU.ActiveCfg = Debug|Any CPU
		{067F8EEC-3317-2B1E-B3F7-629CA1B8F4A0}.Debug|Any CPU.Build.0 = Debug|Any CPU
		{067F8EEC-3317-2B1E-B3F7-629CA1B8F4A0}.Release|Any CPU.ActiveCfg = Release|Any CPU
		{067F8EEC-3317-2B1E-B3F7-629CA1B8F4A0}.Release|Any CPU.Build.0 = Release|Any CPU
		{56D39D85-9D22-5842-0B89-39433AAAD014}.Debug|Any CPU.ActiveCfg = Debug|Any CPU
		{56D39D85-9D22-5842-0B89-39433AAAD014}.Debug|Any CPU.Build.0 = Debug|Any CPU
		{56D39D85-9D22-5842-0B89-39433AAAD014}.Release|Any CPU.ActiveCfg = Release|Any CPU
		{56D39D85-9D22-5842-0B89-39433AAAD014}.Release|Any CPU.Build.0 = Release|Any CPU
		{EBAA5C20-0009-6CB3-64C1-AFABE75658B4}.Debug|Any CPU.ActiveCfg = Debug|Any CPU
		{EBAA5C20-0009-6CB3-64C1-AFABE75658B4}.Debug|Any CPU.Build.0 = Debug|Any CPU
		{EBAA5C20-0009-6CB3-64C1-AFABE75658B4}.Release|Any CPU.ActiveCfg = Release|Any CPU
		{EBAA5C20-0009-6CB3-64C1-AFABE75658B4}.Release|Any CPU.Build.0 = Release|Any CPU
	EndGlobalSection
	GlobalSection(SolutionProperties) = preSolution
		HideSolutionNode = FALSE
	EndGlobalSection
	GlobalSection(MonoDevelopProperties) = preSolution
		StartupItem = Assembly-CSharp.csproj
	EndGlobalSection
EndGlobal
