
Microsoft Visual Studio Solution File, Format Version 12.00
# Visual Studio 15
Project("{FAE04EC0-301F-11D3-BF4B-00C04F79EFBC}") = "RollerBall-Kinect-master.Plugins", "RollerBall-Kinect-master.Plugins.csproj", "{50CFB136-0BED-E14C-2224-05B8A277BB91}"
EndProject
Project("{FAE04EC0-301F-11D3-BF4B-00C04F79EFBC}") = "RollerBall-Kinect-master", "RollerBall-Kinect-master.csproj", "{EE007FA5-095F-47F0-8FD1-ECE93E56DAD4}"
EndProject
Project("{FAE04EC0-301F-11D3-BF4B-00C04F79EFBC}") = "RollerBall-Kinect-master.Editor.Plugins", "RollerBall-Kinect-master.Editor.Plugins.csproj", "{374F4951-F6B9-A0AB-9DB8-ED4FF5FD6BF0}"
EndProject
Project("{FAE04EC0-301F-11D3-BF4B-00C04F79EFBC}") = "RollerBall-Kinect-master.Editor", "RollerBall-Kinect-master.Editor.csproj", "{82EFA2D7-4979-0FC6-74FA-658E4D38E199}"
EndProject
Global
	GlobalSection(SolutionConfigurationPlatforms) = preSolution
		Debug|Any CPU = Debug|Any CPU
		Release|Any CPU = Release|Any CPU
	EndGlobalSection
	GlobalSection(ProjectConfigurationPlatforms) = postSolution
		{50CFB136-0BED-E14C-2224-05B8A277BB91}.Debug|Any CPU.ActiveCfg = Debug|Any CPU
		{50CFB136-0BED-E14C-2224-05B8A277BB91}.Debug|Any CPU.Build.0 = Debug|Any CPU
		{50CFB136-0BED-E14C-2224-05B8A277BB91}.Release|Any CPU.ActiveCfg = Release|Any CPU
		{50CFB136-0BED-E14C-2224-05B8A277BB91}.Release|Any CPU.Build.0 = Release|Any CPU
		{EE007FA5-095F-47F0-8FD1-ECE93E56DAD4}.Debug|Any CPU.ActiveCfg = Debug|Any CPU
		{EE007FA5-095F-47F0-8FD1-ECE93E56DAD4}.Debug|Any CPU.Build.0 = Debug|Any CPU
		{EE007FA5-095F-47F0-8FD1-ECE93E56DAD4}.Release|Any CPU.ActiveCfg = Release|Any CPU
		{EE007FA5-095F-47F0-8FD1-ECE93E56DAD4}.Release|Any CPU.Build.0 = Release|Any CPU
		{374F4951-F6B9-A0AB-9DB8-ED4FF5FD6BF0}.Debug|Any CPU.ActiveCfg = Debug|Any CPU
		{374F4951-F6B9-A0AB-9DB8-ED4FF5FD6BF0}.Debug|Any CPU.Build.0 = Debug|Any CPU
		{374F4951-F6B9-A0AB-9DB8-ED4FF5FD6BF0}.Release|Any CPU.ActiveCfg = Release|Any CPU
		{374F4951-F6B9-A0AB-9DB8-ED4FF5FD6BF0}.Release|Any CPU.Build.0 = Release|Any CPU
		{82EFA2D7-4979-0FC6-74FA-658E4D38E199}.Debug|Any CPU.ActiveCfg = Debug|Any CPU
		{82EFA2D7-4979-0FC6-74FA-658E4D38E199}.Debug|Any CPU.Build.0 = Debug|Any CPU
		{82EFA2D7-4979-0FC6-74FA-658E4D38E199}.Release|Any CPU.ActiveCfg = Release|Any CPU
		{82EFA2D7-4979-0FC6-74FA-658E4D38E199}.Release|Any CPU.Build.0 = Release|Any CPU
	EndGlobalSection
	GlobalSection(SolutionProperties) = preSolution
		HideSolutionNode = FALSE
	EndGlobalSection
EndGlobal
