
Microsoft Visual Studio Solution File, Format Version 11.00
# Visual Studio 2010
Project("{FAE04EC0-301F-11D3-BF4B-00C04F79EFBC}") = "spaceQuest", "Assembly-CSharp-firstpass.csproj", "{1E8FB129-01BC-4FE6-90A6-6F19C06B7CA9}"
EndProject
Project("{FAE04EC0-301F-11D3-BF4B-00C04F79EFBC}") = "spaceQuest", "Assembly-CSharp.csproj", "{4A588DD8-FBCF-66B7-8928-D2268E382CA5}"
EndProject
Project("{FAE04EC0-301F-11D3-BF4B-00C04F79EFBC}") = "spaceQuest", "Assembly-CSharp-Editor-firstpass.csproj", "{69343728-CC73-283B-27C7-1FCA8AE5FE92}"
EndProject
Project("{FAE04EC0-301F-11D3-BF4B-00C04F79EFBC}") = "spaceQuest", "Assembly-CSharp-Editor.csproj", "{0B14A1F1-27B5-68C4-967E-20634E17C272}"
EndProject
Global
	GlobalSection(SolutionConfigurationPlatforms) = preSolution
		Debug|Any CPU = Debug|Any CPU
		Release|Any CPU = Release|Any CPU
	EndGlobalSection
	GlobalSection(ProjectConfigurationPlatforms) = postSolution
		{1E8FB129-01BC-4FE6-90A6-6F19C06B7CA9}.Debug|Any CPU.ActiveCfg = Debug|Any CPU
		{1E8FB129-01BC-4FE6-90A6-6F19C06B7CA9}.Debug|Any CPU.Build.0 = Debug|Any CPU
		{1E8FB129-01BC-4FE6-90A6-6F19C06B7CA9}.Release|Any CPU.ActiveCfg = Release|Any CPU
		{1E8FB129-01BC-4FE6-90A6-6F19C06B7CA9}.Release|Any CPU.Build.0 = Release|Any CPU
		{4A588DD8-FBCF-66B7-8928-D2268E382CA5}.Debug|Any CPU.ActiveCfg = Debug|Any CPU
		{4A588DD8-FBCF-66B7-8928-D2268E382CA5}.Debug|Any CPU.Build.0 = Debug|Any CPU
		{4A588DD8-FBCF-66B7-8928-D2268E382CA5}.Release|Any CPU.ActiveCfg = Release|Any CPU
		{4A588DD8-FBCF-66B7-8928-D2268E382CA5}.Release|Any CPU.Build.0 = Release|Any CPU
		{69343728-CC73-283B-27C7-1FCA8AE5FE92}.Debug|Any CPU.ActiveCfg = Debug|Any CPU
		{69343728-CC73-283B-27C7-1FCA8AE5FE92}.Debug|Any CPU.Build.0 = Debug|Any CPU
		{69343728-CC73-283B-27C7-1FCA8AE5FE92}.Release|Any CPU.ActiveCfg = Release|Any CPU
		{69343728-CC73-283B-27C7-1FCA8AE5FE92}.Release|Any CPU.Build.0 = Release|Any CPU
		{0B14A1F1-27B5-68C4-967E-20634E17C272}.Debug|Any CPU.ActiveCfg = Debug|Any CPU
		{0B14A1F1-27B5-68C4-967E-20634E17C272}.Debug|Any CPU.Build.0 = Debug|Any CPU
		{0B14A1F1-27B5-68C4-967E-20634E17C272}.Release|Any CPU.ActiveCfg = Release|Any CPU
		{0B14A1F1-27B5-68C4-967E-20634E17C272}.Release|Any CPU.Build.0 = Release|Any CPU
	EndGlobalSection
	GlobalSection(SolutionProperties) = preSolution
		HideSolutionNode = FALSE
	EndGlobalSection
	GlobalSection(MonoDevelopProperties) = preSolution
		StartupItem = Assembly-CSharp.csproj
	EndGlobalSection
EndGlobal
